
Microsoft Visual Studio Solution File, Format Version 12.00
# Visual Studio Version 16
VisualStudioVersion = 16.0.29009.5
MinimumVisualStudioVersion = 10.0.40219.1
Project("{FAE04EC0-301F-11D3-BF4B-00C04F79EFBC}") = "RestClient", "RestClient\RestClient.csproj", "{1C59550F-4B94-4F80-B61A-122B7CC70C6E}"
EndProject
Global
	GlobalSection(SolutionConfigurationPlatforms) = preSolution
		Debug|Any CPU = Debug|Any CPU
		Release|Any CPU = Release|Any CPU
	EndGlobalSection
	GlobalSection(ProjectConfigurationPlatforms) = postSolution
		{1C59550F-4B94-4F80-B61A-122B7CC70C6E}.Debug|Any CPU.ActiveCfg = Debug|Any CPU
		{1C59550F-4B94-4F80-B61A-122B7CC70C6E}.Debug|Any CPU.Build.0 = Debug|Any CPU
		{1C59550F-4B94-4F80-B61A-122B7CC70C6E}.Release|Any CPU.ActiveCfg = Release|Any CPU
		{1C59550F-4B94-4F80-B61A-122B7CC70C6E}.Release|Any CPU.Build.0 = Release|Any CPU
	EndGlobalSection
	GlobalSection(SolutionProperties) = preSolution
		HideSolutionNode = FALSE
	EndGlobalSection
	GlobalSection(ExtensibilityGlobals) = postSolution
		SolutionGuid = {E1F1F258-8D15-4586-BF60-AEE39F198A84}
	EndGlobalSection
EndGlobal
